
Microsoft Visual Studio Solution File, Format Version 12.00
# Visual Studio Version 16
VisualStudioVersion = 16.0.30709.132
MinimumVisualStudioVersion = 10.0.40219.1
Project("{FAE04EC0-301F-11D3-BF4B-00C04F79EFBC}") = "XboxApp.UWP", "XboxApp\XboxApp.UWP\XboxApp.UWP.csproj", "{CCCD3DFD-B38D-492C-96B9-97DDC0EDC6D1}"
EndProject
Project("{FAE04EC0-301F-11D3-BF4B-00C04F79EFBC}") = "XboxApp.Android", "XboxApp\XboxApp.Android\XboxApp.Android.csproj", "{9A026797-8152-466B-A773-0367C53CDD6A}"
EndProject
Project("{FAE04EC0-301F-11D3-BF4B-00C04F79EFBC}") = "XboxApp.iOS", "XboxApp\XboxApp.iOS\XboxApp.iOS.csproj", "{7EF59814-5BA6-45BA-BB57-3871D95BBBED}"
EndProject
Project("{FAE04EC0-301F-11D3-BF4B-00C04F79EFBC}") = "XboxApp", "XboxApp\XboxApp\XboxApp.csproj", "{F8F9F0E6-54A9-4F5B-8E34-2128C83F85D9}"
EndProject
Global
	GlobalSection(SolutionConfigurationPlatforms) = preSolution
		Debug|Any CPU = Debug|Any CPU
		Debug|ARM = Debug|ARM
		Debug|iPhone = Debug|iPhone
		Debug|iPhoneSimulator = Debug|iPhoneSimulator
		Debug|x64 = Debug|x64
		Debug|x86 = Debug|x86
		Release|Any CPU = Release|Any CPU
		Release|ARM = Release|ARM
		Release|iPhone = Release|iPhone
		Release|iPhoneSimulator = Release|iPhoneSimulator
		Release|x64 = Release|x64
		Release|x86 = Release|x86
	EndGlobalSection
	GlobalSection(ProjectConfigurationPlatforms) = postSolution
		{CCCD3DFD-B38D-492C-96B9-97DDC0EDC6D1}.Debug|Any CPU.ActiveCfg = Debug|x86
		{CCCD3DFD-B38D-492C-96B9-97DDC0EDC6D1}.Debug|Any CPU.Build.0 = Debug|x86
		{CCCD3DFD-B38D-492C-96B9-97DDC0EDC6D1}.Debug|Any CPU.Deploy.0 = Debug|x86
		{CCCD3DFD-B38D-492C-96B9-97DDC0EDC6D1}.Debug|ARM.ActiveCfg = Debug|ARM
		{CCCD3DFD-B38D-492C-96B9-97DDC0EDC6D1}.Debug|ARM.Build.0 = Debug|ARM
		{CCCD3DFD-B38D-492C-96B9-97DDC0EDC6D1}.Debug|ARM.Deploy.0 = Debug|ARM
		{CCCD3DFD-B38D-492C-96B9-97DDC0EDC6D1}.Debug|iPhone.ActiveCfg = Debug|x86
		{CCCD3DFD-B38D-492C-96B9-97DDC0EDC6D1}.Debug|iPhone.Build.0 = Debug|x86
		{CCCD3DFD-B38D-492C-96B9-97DDC0EDC6D1}.Debug|iPhone.Deploy.0 = Debug|x86
		{CCCD3DFD-B38D-492C-96B9-97DDC0EDC6D1}.Debug|iPhoneSimulator.ActiveCfg = Debug|x86
		{CCCD3DFD-B38D-492C-96B9-97DDC0EDC6D1}.Debug|iPhoneSimulator.Build.0 = Debug|x86
		{CCCD3DFD-B38D-492C-96B9-97DDC0EDC6D1}.Debug|iPhoneSimulator.Deploy.0 = Debug|x86
		{CCCD3DFD-B38D-492C-96B9-97DDC0EDC6D1}.Debug|x64.ActiveCfg = Debug|x64
		{CCCD3DFD-B38D-492C-96B9-97DDC0EDC6D1}.Debug|x64.Build.0 = Debug|x64
		{CCCD3DFD-B38D-492C-96B9-97DDC0EDC6D1}.Debug|x64.Deploy.0 = Debug|x64
		{CCCD3DFD-B38D-492C-96B9-97DDC0EDC6D1}.Debug|x86.ActiveCfg = Debug|x86
		{CCCD3DFD-B38D-492C-96B9-97DDC0EDC6D1}.Debug|x86.Build.0 = Debug|x86
		{CCCD3DFD-B38D-492C-96B9-97DDC0EDC6D1}.Debug|x86.Deploy.0 = Debug|x86
		{CCCD3DFD-B38D-492C-96B9-97DDC0EDC6D1}.Release|Any CPU.ActiveCfg = Release|x86
		{CCCD3DFD-B38D-492C-96B9-97DDC0EDC6D1}.Release|Any CPU.Build.0 = Release|x86
		{CCCD3DFD-B38D-492C-96B9-97DDC0EDC6D1}.Release|Any CPU.Deploy.0 = Release|x86
		{CCCD3DFD-B38D-492C-96B9-97DDC0EDC6D1}.Release|ARM.ActiveCfg = Release|ARM
		{CCCD3DFD-B38D-492C-96B9-97DDC0EDC6D1}.Release|ARM.Build.0 = Release|ARM
		{CCCD3DFD-B38D-492C-96B9-97DDC0EDC6D1}.Release|ARM.Deploy.0 = Release|ARM
		{CCCD3DFD-B38D-492C-96B9-97DDC0EDC6D1}.Release|iPhone.ActiveCfg = Release|x86
		{CCCD3DFD-B38D-492C-96B9-97DDC0EDC6D1}.Release|iPhone.Build.0 = Release|x86
		{CCCD3DFD-B38D-492C-96B9-97DDC0EDC6D1}.Release|iPhone.Deploy.0 = Release|x86
		{CCCD3DFD-B38D-492C-96B9-97DDC0EDC6D1}.Release|iPhoneSimulator.ActiveCfg = Release|x86
		{CCCD3DFD-B38D-492C-96B9-97DDC0EDC6D1}.Release|iPhoneSimulator.Build.0 = Release|x86
		{CCCD3DFD-B38D-492C-96B9-97DDC0EDC6D1}.Release|iPhoneSimulator.Deploy.0 = Release|x86
		{CCCD3DFD-B38D-492C-96B9-97DDC0EDC6D1}.Release|x64.ActiveCfg = Release|x64
		{CCCD3DFD-B38D-492C-96B9-97DDC0EDC6D1}.Release|x64.Build.0 = Release|x64
		{CCCD3DFD-B38D-492C-96B9-97DDC0EDC6D1}.Release|x64.Deploy.0 = Release|x64
		{CCCD3DFD-B38D-492C-96B9-97DDC0EDC6D1}.Release|x86.ActiveCfg = Release|x86
		{CCCD3DFD-B38D-492C-96B9-97DDC0EDC6D1}.Release|x86.Build.0 = Release|x86
		{CCCD3DFD-B38D-492C-96B9-97DDC0EDC6D1}.Release|x86.Deploy.0 = Release|x86
		{9A026797-8152-466B-A773-0367C53CDD6A}.Debug|Any CPU.ActiveCfg = Debug|Any CPU
		{9A026797-8152-466B-A773-0367C53CDD6A}.Debug|Any CPU.Build.0 = Debug|Any CPU
		{9A026797-8152-466B-A773-0367C53CDD6A}.Debug|Any CPU.Deploy.0 = Debug|Any CPU
		{9A026797-8152-466B-A773-0367C53CDD6A}.Debug|ARM.ActiveCfg = Debug|Any CPU
		{9A026797-8152-466B-A773-0367C53CDD6A}.Debug|ARM.Build.0 = Debug|Any CPU
		{9A026797-8152-466B-A773-0367C53CDD6A}.Debug|ARM.Deploy.0 = Debug|Any CPU
		{9A026797-8152-466B-A773-0367C53CDD6A}.Debug|iPhone.ActiveCfg = Debug|Any CPU
		{9A026797-8152-466B-A773-0367C53CDD6A}.Debug|iPhone.Build.0 = Debug|Any CPU
		{9A026797-8152-466B-A773-0367C53CDD6A}.Debug|iPhone.Deploy.0 = Debug|Any CPU
		{9A026797-8152-466B-A773-0367C53CDD6A}.Debug|iPhoneSimulator.ActiveCfg = Debug|Any CPU
		{9A026797-8152-466B-A773-0367C53CDD6A}.Debug|iPhoneSimulator.Build.0 = Debug|Any CPU
		{9A026797-8152-466B-A773-0367C53CDD6A}.Debug|iPhoneSimulator.Deploy.0 = Debug|Any CPU
		{9A026797-8152-466B-A773-0367C53CDD6A}.Debug|x64.ActiveCfg = Debug|Any CPU
		{9A026797-8152-466B-A773-0367C53CDD6A}.Debug|x64.Build.0 = Debug|Any CPU
		{9A026797-8152-466B-A773-0367C53CDD6A}.Debug|x64.Deploy.0 = Debug|Any CPU
		{9A026797-8152-466B-A773-0367C53CDD6A}.Debug|x86.ActiveCfg = Debug|Any CPU
		{9A026797-8152-466B-A773-0367C53CDD6A}.Debug|x86.Build.0 = Debug|Any CPU
		{9A026797-8152-466B-A773-0367C53CDD6A}.Debug|x86.Deploy.0 = Debug|Any CPU
		{9A026797-8152-466B-A773-0367C53CDD6A}.Release|Any CPU.ActiveCfg = Release|Any CPU
		{9A026797-8152-466B-A773-0367C53CDD6A}.Release|Any CPU.Build.0 = Release|Any CPU
		{9A026797-8152-466B-A773-0367C53CDD6A}.Release|Any CPU.Deploy.0 = Release|Any CPU
		{9A026797-8152-466B-A773-0367C53CDD6A}.Release|ARM.ActiveCfg = Release|Any CPU
		{9A026797-8152-466B-A773-0367C53CDD6A}.Release|ARM.Build.0 = Release|Any CPU
		{9A026797-8152-466B-A773-0367C53CDD6A}.Release|ARM.Deploy.0 = Release|Any CPU
		{9A026797-8152-466B-A773-0367C53CDD6A}.Release|iPhone.ActiveCfg = Release|Any CPU
		{9A026797-8152-466B-A773-0367C53CDD6A}.Release|iPhone.Build.0 = Release|Any CPU
		{9A026797-8152-466B-A773-0367C53CDD6A}.Release|iPhone.Deploy.0 = Release|Any CPU
		{9A026797-8152-466B-A773-0367C53CDD6A}.Release|iPhoneSimulator.ActiveCfg = Release|Any CPU
		{9A026797-8152-466B-A773-0367C53CDD6A}.Release|iPhoneSimulator.Build.0 = Release|Any CPU
		{9A026797-8152-466B-A773-0367C53CDD6A}.Release|iPhoneSimulator.Deploy.0 = Release|Any CPU
		{9A026797-8152-466B-A773-0367C53CDD6A}.Release|x64.ActiveCfg = Release|Any CPU
		{9A026797-8152-466B-A773-0367C53CDD6A}.Release|x64.Build.0 = Release|Any CPU
		{9A026797-8152-466B-A773-0367C53CDD6A}.Release|x64.Deploy.0 = Release|Any CPU
		{9A026797-8152-466B-A773-0367C53CDD6A}.Release|x86.ActiveCfg = Release|Any CPU
		{9A026797-8152-466B-A773-0367C53CDD6A}.Release|x86.Build.0 = Release|Any CPU
		{9A026797-8152-466B-A773-0367C53CDD6A}.Release|x86.Deploy.0 = Release|Any CPU
		{7EF59814-5BA6-45BA-BB57-3871D95BBBED}.Debug|Any CPU.ActiveCfg = Debug|iPhoneSimulator
		{7EF59814-5BA6-45BA-BB57-3871D95BBBED}.Debug|Any CPU.Build.0 = Debug|iPhoneSimulator
		{7EF59814-5BA6-45BA-BB57-3871D95BBBED}.Debug|Any CPU.Deploy.0 = Debug|iPhoneSimulator
		{7EF59814-5BA6-45BA-BB57-3871D95BBBED}.Debug|ARM.ActiveCfg = Debug|iPhone
		{7EF59814-5BA6-45BA-BB57-3871D95BBBED}.Debug|ARM.Build.0 = Debug|iPhone
		{7EF59814-5BA6-45BA-BB57-3871D95BBBED}.Debug|ARM.Deploy.0 = Debug|iPhone
		{7EF59814-5BA6-45BA-BB57-3871D95BBBED}.Debug|iPhone.ActiveCfg = Debug|iPhone
		{7EF59814-5BA6-45BA-BB57-3871D95BBBED}.Debug|iPhone.Build.0 = Debug|iPhone
		{7EF59814-5BA6-45BA-BB57-3871D95BBBED}.Debug|iPhone.Deploy.0 = Debug|iPhone
		{7EF59814-5BA6-45BA-BB57-3871D95BBBED}.Debug|iPhoneSimulator.ActiveCfg = Debug|iPhoneSimulator
		{7EF59814-5BA6-45BA-BB57-3871D95BBBED}.Debug|iPhoneSimulator.Build.0 = Debug|iPhoneSimulator
		{7EF59814-5BA6-45BA-BB57-3871D95BBBED}.Debug|iPhoneSimulator.Deploy.0 = Debug|iPhoneSimulator
		{7EF59814-5BA6-45BA-BB57-3871D95BBBED}.Debug|x64.ActiveCfg = Debug|iPhoneSimulator
		{7EF59814-5BA6-45BA-BB57-3871D95BBBED}.Debug|x64.Build.0 = Debug|iPhoneSimulator
		{7EF59814-5BA6-45BA-BB57-3871D95BBBED}.Debug|x64.Deploy.0 = Debug|iPhoneSimulator
		{7EF59814-5BA6-45BA-BB57-3871D95BBBED}.Debug|x86.ActiveCfg = Debug|iPhoneSimulator
		{7EF59814-5BA6-45BA-BB57-3871D95BBBED}.Debug|x86.Build.0 = Debug|iPhoneSimulator
		{7EF59814-5BA6-45BA-BB57-3871D95BBBED}.Debug|x86.Deploy.0 = Debug|iPhoneSimulator
		{7EF59814-5BA6-45BA-BB57-3871D95BBBED}.Release|Any CPU.ActiveCfg = Release|iPhoneSimulator
		{7EF59814-5BA6-45BA-BB57-3871D95BBBED}.Release|Any CPU.Build.0 = Release|iPhoneSimulator
		{7EF59814-5BA6-45BA-BB57-3871D95BBBED}.Release|Any CPU.Deploy.0 = Release|iPhoneSimulator
		{7EF59814-5BA6-45BA-BB57-3871D95BBBED}.Release|ARM.ActiveCfg = Release|iPhoneSimulator
		{7EF59814-5BA6-45BA-BB57-3871D95BBBED}.Release|ARM.Build.0 = Release|iPhoneSimulator
		{7EF59814-5BA6-45BA-BB57-3871D95BBBED}.Release|ARM.Deploy.0 = Release|iPhoneSimulator
		{7EF59814-5BA6-45BA-BB57-3871D95BBBED}.Release|iPhone.ActiveCfg = Release|iPhone
		{7EF59814-5BA6-45BA-BB57-3871D95BBBED}.Release|iPhone.Build.0 = Release|iPhone
		{7EF59814-5BA6-45BA-BB57-3871D95BBBED}.Release|iPhone.Deploy.0 = Release|iPhone
		{7EF59814-5BA6-45BA-BB57-3871D95BBBED}.Release|iPhoneSimulator.ActiveCfg = Release|iPhoneSimulator
		{7EF59814-5BA6-45BA-BB57-3871D95BBBED}.Release|iPhoneSimulator.Build.0 = Release|iPhoneSimulator
		{7EF59814-5BA6-45BA-BB57-3871D95BBBED}.Release|iPhoneSimulator.Deploy.0 = Release|iPhoneSimulator
		{7EF59814-5BA6-45BA-BB57-3871D95BBBED}.Release|x64.ActiveCfg = Release|iPhoneSimulator
		{7EF59814-5BA6-45BA-BB57-3871D95BBBED}.Release|x64.Build.0 = Release|iPhoneSimulator
		{7EF59814-5BA6-45BA-BB57-3871D95BBBED}.Release|x64.Deploy.0 = Release|iPhoneSimulator
		{7EF59814-5BA6-45BA-BB57-3871D95BBBED}.Release|x86.ActiveCfg = Release|iPhoneSimulator
		{7EF59814-5BA6-45BA-BB57-3871D95BBBED}.Release|x86.Build.0 = Release|iPhoneSimulator
		{7EF59814-5BA6-45BA-BB57-3871D95BBBED}.Release|x86.Deploy.0 = Release|iPhoneSimulator
		{F8F9F0E6-54A9-4F5B-8E34-2128C83F85D9}.Debug|Any CPU.ActiveCfg = Debug|Any CPU
		{F8F9F0E6-54A9-4F5B-8E34-2128C83F85D9}.Debug|Any CPU.Build.0 = Debug|Any CPU
		{F8F9F0E6-54A9-4F5B-8E34-2128C83F85D9}.Debug|Any CPU.Deploy.0 = Debug|Any CPU
		{F8F9F0E6-54A9-4F5B-8E34-2128C83F85D9}.Debug|ARM.ActiveCfg = Debug|Any CPU
		{F8F9F0E6-54A9-4F5B-8E34-2128C83F85D9}.Debug|ARM.Build.0 = Debug|Any CPU
		{F8F9F0E6-54A9-4F5B-8E34-2128C83F85D9}.Debug|ARM.Deploy.0 = Debug|Any CPU
		{F8F9F0E6-54A9-4F5B-8E34-2128C83F85D9}.Debug|iPhone.ActiveCfg = Debug|Any CPU
		{F8F9F0E6-54A9-4F5B-8E34-2128C83F85D9}.Debug|iPhone.Build.0 = Debug|Any CPU
		{F8F9F0E6-54A9-4F5B-8E34-2128C83F85D9}.Debug|iPhone.Deploy.0 = Debug|Any CPU
		{F8F9F0E6-54A9-4F5B-8E34-2128C83F85D9}.Debug|iPhoneSimulator.ActiveCfg = Debug|Any CPU
		{F8F9F0E6-54A9-4F5B-8E34-2128C83F85D9}.Debug|iPhoneSimulator.Build.0 = Debug|Any CPU
		{F8F9F0E6-54A9-4F5B-8E34-2128C83F85D9}.Debug|iPhoneSimulator.Deploy.0 = Debug|Any CPU
		{F8F9F0E6-54A9-4F5B-8E34-2128C83F85D9}.Debug|x64.ActiveCfg = Debug|Any CPU
		{F8F9F0E6-54A9-4F5B-8E34-2128C83F85D9}.Debug|x64.Build.0 = Debug|Any CPU
		{F8F9F0E6-54A9-4F5B-8E34-2128C83F85D9}.Debug|x64.Deploy.0 = Debug|Any CPU
		{F8F9F0E6-54A9-4F5B-8E34-2128C83F85D9}.Debug|x86.ActiveCfg = Debug|Any CPU
		{F8F9F0E6-54A9-4F5B-8E34-2128C83F85D9}.Debug|x86.Build.0 = Debug|Any CPU
		{F8F9F0E6-54A9-4F5B-8E34-2128C83F85D9}.Debug|x86.Deploy.0 = Debug|Any CPU
		{F8F9F0E6-54A9-4F5B-8E34-2128C83F85D9}.Release|Any CPU.ActiveCfg = Release|Any CPU
		{F8F9F0E6-54A9-4F5B-8E34-2128C83F85D9}.Release|Any CPU.Build.0 = Release|Any CPU
		{F8F9F0E6-54A9-4F5B-8E34-2128C83F85D9}.Release|Any CPU.Deploy.0 = Release|Any CPU
		{F8F9F0E6-54A9-4F5B-8E34-2128C83F85D9}.Release|ARM.ActiveCfg = Release|Any CPU
		{F8F9F0E6-54A9-4F5B-8E34-2128C83F85D9}.Release|ARM.Build.0 = Release|Any CPU
		{F8F9F0E6-54A9-4F5B-8E34-2128C83F85D9}.Release|ARM.Deploy.0 = Release|Any CPU
		{F8F9F0E6-54A9-4F5B-8E34-2128C83F85D9}.Release|iPhone.ActiveCfg = Release|Any CPU
		{F8F9F0E6-54A9-4F5B-8E34-2128C83F85D9}.Release|iPhone.Build.0 = Release|Any CPU
		{F8F9F0E6-54A9-4F5B-8E34-2128C83F85D9}.Release|iPhone.Deploy.0 = Release|Any CPU
		{F8F9F0E6-54A9-4F5B-8E34-2128C83F85D9}.Release|iPhoneSimulator.ActiveCfg = Release|Any CPU
		{F8F9F0E6-54A9-4F5B-8E34-2128C83F85D9}.Release|iPhoneSimulator.Build.0 = Release|Any CPU
		{F8F9F0E6-54A9-4F5B-8E34-2128C83F85D9}.Release|iPhoneSimulator.Deploy.0 = Release|Any CPU
		{F8F9F0E6-54A9-4F5B-8E34-2128C83F85D9}.Release|x64.ActiveCfg = Release|Any CPU
		{F8F9F0E6-54A9-4F5B-8E34-2128C83F85D9}.Release|x64.Build.0 = Release|Any CPU
		{F8F9F0E6-54A9-4F5B-8E34-2128C83F85D9}.Release|x64.Deploy.0 = Release|Any CPU
		{F8F9F0E6-54A9-4F5B-8E34-2128C83F85D9}.Release|x86.ActiveCfg = Release|Any CPU
		{F8F9F0E6-54A9-4F5B-8E34-2128C83F85D9}.Release|x86.Build.0 = Release|Any CPU
		{F8F9F0E6-54A9-4F5B-8E34-2128C83F85D9}.Release|x86.Deploy.0 = Release|Any CPU
	EndGlobalSection
	GlobalSection(SolutionProperties) = preSolution
		HideSolutionNode = FALSE
	EndGlobalSection
	GlobalSection(ExtensibilityGlobals) = postSolution
		SolutionGuid = {0265880C-D97C-4E1D-975B-170EDF7A3A05}
	EndGlobalSection
EndGlobal
